// !$*UTF8*$!
{
	archiveVersion = 1;
	classes = {
	};
	objectVersion = 56;
	objects = {

/* Begin PBXBuildFile section */
		1BAD908429902D11009DCF3E /* AppDelegate.swift in Sources */ = {isa = PBXBuildFile; fileRef = 1BAD908329902D11009DCF3E /* AppDelegate.swift */; };
		1BAD908629902D11009DCF3E /* SceneDelegate.swift in Sources */ = {isa = PBXBuildFile; fileRef = 1BAD908529902D11009DCF3E /* SceneDelegate.swift */; };
		1BAD909029902D15009DCF3E /* LaunchScreen.storyboard in Resources */ = {isa = PBXBuildFile; fileRef = 1BAD908E29902D15009DCF3E /* LaunchScreen.storyboard */; };
		1BAD909B29902E4F009DCF3E /* FoldersController.swift in Sources */ = {isa = PBXBuildFile; fileRef = 1BAD909A29902E4F009DCF3E /* FoldersController.swift */; };
		1BAD90A429903658009DCF3E /* FolderCell.swift in Sources */ = {isa = PBXBuildFile; fileRef = 1BAD90A329903658009DCF3E /* FolderCell.swift */; };
		1BAD90A7299037AE009DCF3E /* Section.swift in Sources */ = {isa = PBXBuildFile; fileRef = 1BAD90A6299037AE009DCF3E /* Section.swift */; };
		1BAD90AD29903D96009DCF3E /* DataManager.swift in Sources */ = {isa = PBXBuildFile; fileRef = 1BAD90AC29903D96009DCF3E /* DataManager.swift */; };
		1BAD90AF29903E26009DCF3E /* CoreDataManager.swift in Sources */ = {isa = PBXBuildFile; fileRef = 1BAD90AE29903E26009DCF3E /* CoreDataManager.swift */; };
		1BAD90B129911F46009DCF3E /* FoldersView.swift in Sources */ = {isa = PBXBuildFile; fileRef = 1BAD90B029911F46009DCF3E /* FoldersView.swift */; };
		1BAD90B429912C0A009DCF3E /* Vibration.swift in Sources */ = {isa = PBXBuildFile; fileRef = 1BAD90B329912C0A009DCF3E /* Vibration.swift */; };
		1BAD90B7299157DE009DCF3E /* DataSource.swift in Sources */ = {isa = PBXBuildFile; fileRef = 1BAD90B6299157DE009DCF3E /* DataSource.swift */; };
		1BAD90BA299253EF009DCF3E /* Button.swift in Sources */ = {isa = PBXBuildFile; fileRef = 1BAD90B9299253EF009DCF3E /* Button.swift */; };
		1BAD90BC29925B04009DCF3E /* TypeButton.swift in Sources */ = {isa = PBXBuildFile; fileRef = 1BAD90BB29925B04009DCF3E /* TypeButton.swift */; };
		1BAD90BF2992887A009DCF3E /* SettingsView.swift in Sources */ = {isa = PBXBuildFile; fileRef = 1BAD90BE2992887A009DCF3E /* SettingsView.swift */; };
		1BAD90C129928893009DCF3E /* SettingsController.swift in Sources */ = {isa = PBXBuildFile; fileRef = 1BAD90C029928893009DCF3E /* SettingsController.swift */; };
		1BAD90D829938B2F009DCF3E /* UIViewControllerExtension.swift in Sources */ = {isa = PBXBuildFile; fileRef = 1BAD90D729938B2F009DCF3E /* UIViewControllerExtension.swift */; };
		1BAD90D929939260009DCF3E /* Data.xcdatamodeld in Sources */ = {isa = PBXBuildFile; fileRef = 1BAD90A929903809009DCF3E /* Data.xcdatamodeld */; };
		1BAD90DE2993B40C009DCF3E /* Settings.swift in Sources */ = {isa = PBXBuildFile; fileRef = 1BAD90DD2993B40C009DCF3E /* Settings.swift */; };
/* End PBXBuildFile section */

/* Begin PBXFileReference section */
		1BAD908029902D11009DCF3E /* Notes.app */ = {isa = PBXFileReference; explicitFileType = wrapper.application; includeInIndex = 0; path = Notes.app; sourceTree = BUILT_PRODUCTS_DIR; };
		1BAD908329902D11009DCF3E /* AppDelegate.swift */ = {isa = PBXFileReference; lastKnownFileType = sourcecode.swift; path = AppDelegate.swift; sourceTree = "<group>"; };
		1BAD908529902D11009DCF3E /* SceneDelegate.swift */ = {isa = PBXFileReference; lastKnownFileType = sourcecode.swift; path = SceneDelegate.swift; sourceTree = "<group>"; };
		1BAD908F29902D15009DCF3E /* Base */ = {isa = PBXFileReference; lastKnownFileType = file.storyboard; name = Base; path = Base.lproj/LaunchScreen.storyboard; sourceTree = "<group>"; };
		1BAD909129902D15009DCF3E /* Info.plist */ = {isa = PBXFileReference; lastKnownFileType = text.plist.xml; path = Info.plist; sourceTree = "<group>"; };
		1BAD909A29902E4F009DCF3E /* FoldersController.swift */ = {isa = PBXFileReference; lastKnownFileType = sourcecode.swift; path = FoldersController.swift; sourceTree = "<group>"; };
		1BAD90A329903658009DCF3E /* FolderCell.swift */ = {isa = PBXFileReference; lastKnownFileType = sourcecode.swift; path = FolderCell.swift; sourceTree = "<group>"; };
		1BAD90A6299037AE009DCF3E /* Section.swift */ = {isa = PBXFileReference; lastKnownFileType = sourcecode.swift; path = Section.swift; sourceTree = "<group>"; };
		1BAD90AA29903809009DCF3E /* Data.xcdatamodel */ = {isa = PBXFileReference; lastKnownFileType = wrapper.xcdatamodel; path = Data.xcdatamodel; sourceTree = "<group>"; };
		1BAD90AC29903D96009DCF3E /* DataManager.swift */ = {isa = PBXFileReference; lastKnownFileType = sourcecode.swift; path = DataManager.swift; sourceTree = "<group>"; };
		1BAD90AE29903E26009DCF3E /* CoreDataManager.swift */ = {isa = PBXFileReference; lastKnownFileType = sourcecode.swift; path = CoreDataManager.swift; sourceTree = "<group>"; };
		1BAD90B029911F46009DCF3E /* FoldersView.swift */ = {isa = PBXFileReference; lastKnownFileType = sourcecode.swift; path = FoldersView.swift; sourceTree = "<group>"; };
		1BAD90B329912C0A009DCF3E /* Vibration.swift */ = {isa = PBXFileReference; lastKnownFileType = sourcecode.swift; path = Vibration.swift; sourceTree = "<group>"; };
		1BAD90B6299157DE009DCF3E /* DataSource.swift */ = {isa = PBXFileReference; lastKnownFileType = sourcecode.swift; path = DataSource.swift; sourceTree = "<group>"; };
		1BAD90B9299253EF009DCF3E /* Button.swift */ = {isa = PBXFileReference; lastKnownFileType = sourcecode.swift; path = Button.swift; sourceTree = "<group>"; };
		1BAD90BB29925B04009DCF3E /* TypeButton.swift */ = {isa = PBXFileReference; lastKnownFileType = sourcecode.swift; path = TypeButton.swift; sourceTree = "<group>"; };
		1BAD90BE2992887A009DCF3E /* SettingsView.swift */ = {isa = PBXFileReference; lastKnownFileType = sourcecode.swift; path = SettingsView.swift; sourceTree = "<group>"; };
		1BAD90C029928893009DCF3E /* SettingsController.swift */ = {isa = PBXFileReference; lastKnownFileType = sourcecode.swift; path = SettingsController.swift; sourceTree = "<group>"; };
		1BAD90D729938B2F009DCF3E /* UIViewControllerExtension.swift */ = {isa = PBXFileReference; lastKnownFileType = sourcecode.swift; path = UIViewControllerExtension.swift; sourceTree = "<group>"; };
		1BAD90DD2993B40C009DCF3E /* Settings.swift */ = {isa = PBXFileReference; lastKnownFileType = sourcecode.swift; path = Settings.swift; sourceTree = "<group>"; };
/* End PBXFileReference section */

/* Begin PBXFrameworksBuildPhase section */
		1BAD907D29902D11009DCF3E /* Frameworks */ = {
			isa = PBXFrameworksBuildPhase;
			buildActionMask = 2147483647;
			files = (
			);
			runOnlyForDeploymentPostprocessing = 0;
		};
/* End PBXFrameworksBuildPhase section */

/* Begin PBXGroup section */
		1B947B82299544FB0048984C /* Settings */ = {
			isa = PBXGroup;
			children = (
				1BAD90DD2993B40C009DCF3E /* Settings.swift */,
			);
			path = Settings;
			sourceTree = "<group>";
		};
		1BAD907729902D11009DCF3E = {
			isa = PBXGroup;
			children = (
				1BAD908229902D11009DCF3E /* Notes */,
				1BAD908129902D11009DCF3E /* Products */,
			);
			sourceTree = "<group>";
		};
		1BAD908129902D11009DCF3E /* Products */ = {
			isa = PBXGroup;
			children = (
				1BAD908029902D11009DCF3E /* Notes.app */,
			);
			name = Products;
			sourceTree = "<group>";
		};
		1BAD908229902D11009DCF3E /* Notes */ = {
			isa = PBXGroup;
			children = (
				1BAD909729902DA1009DCF3E /* AppDelegates */,
				1BAD90B829924C1C009DCF3E /* CustomUI */,
				1BAD90A8299037E1009DCF3E /* Data */,
				1BAD90B5299157C7009DCF3E /* DataSource */,
				1BAD90A529903795009DCF3E /* Enum */,
				1BAD90D629938B18009DCF3E /* Extensions */,
				1BAD90B229912BF6009DCF3E /* Vibration */,
				1B947B82299544FB0048984C /* Settings */,
				1BAD909829902DEB009DCF3E /* StartApplication */,
				1BAD909929902E00009DCF3E /* MainApplication */,
				1BAD909129902D15009DCF3E /* Info.plist */,
			);
			path = Notes;
			sourceTree = "<group>";
		};
		1BAD909729902DA1009DCF3E /* AppDelegates */ = {
			isa = PBXGroup;
			children = (
				1BAD908329902D11009DCF3E /* AppDelegate.swift */,
				1BAD908529902D11009DCF3E /* SceneDelegate.swift */,
			);
			path = AppDelegates;
			sourceTree = "<group>";
		};
		1BAD909829902DEB009DCF3E /* StartApplication */ = {
			isa = PBXGroup;
			children = (
				1BAD908E29902D15009DCF3E /* LaunchScreen.storyboard */,
			);
			path = StartApplication;
			sourceTree = "<group>";
		};
		1BAD909929902E00009DCF3E /* MainApplication */ = {
			isa = PBXGroup;
			children = (
				1BAD909C29902E59009DCF3E /* Folders */,
				1BAD90BD29928865009DCF3E /* Settings */,
			);
			path = MainApplication;
			sourceTree = "<group>";
		};
		1BAD909C29902E59009DCF3E /* Folders */ = {
			isa = PBXGroup;
			children = (
				1BAD90A229903643009DCF3E /* Cell */,
				1BAD90B029911F46009DCF3E /* FoldersView.swift */,
				1BAD909A29902E4F009DCF3E /* FoldersController.swift */,
			);
			path = Folders;
			sourceTree = "<group>";
		};
		1BAD90A229903643009DCF3E /* Cell */ = {
			isa = PBXGroup;
			children = (
				1BAD90A329903658009DCF3E /* FolderCell.swift */,
			);
			path = Cell;
			sourceTree = "<group>";
		};
		1BAD90A529903795009DCF3E /* Enum */ = {
			isa = PBXGroup;
			children = (
				1BAD90A6299037AE009DCF3E /* Section.swift */,
				1BAD90BB29925B04009DCF3E /* TypeButton.swift */,
			);
			path = Enum;
			sourceTree = "<group>";
		};
		1BAD90A8299037E1009DCF3E /* Data */ = {
			isa = PBXGroup;
			children = (
				1BAD90A929903809009DCF3E /* Data.xcdatamodeld */,
				1BAD90AC29903D96009DCF3E /* DataManager.swift */,
				1BAD90AE29903E26009DCF3E /* CoreDataManager.swift */,
			);
			path = Data;
			sourceTree = "<group>";
		};
		1BAD90B229912BF6009DCF3E /* Vibration */ = {
			isa = PBXGroup;
			children = (
				1BAD90B329912C0A009DCF3E /* Vibration.swift */,
			);
			path = Vibration;
			sourceTree = "<group>";
		};
		1BAD90B5299157C7009DCF3E /* DataSource */ = {
			isa = PBXGroup;
			children = (
				1BAD90B6299157DE009DCF3E /* DataSource.swift */,
			);
			path = DataSource;
			sourceTree = "<group>";
		};
		1BAD90B829924C1C009DCF3E /* CustomUI */ = {
			isa = PBXGroup;
			children = (
				1BAD90B9299253EF009DCF3E /* Button.swift */,
			);
			path = CustomUI;
			sourceTree = "<group>";
		};
		1BAD90BD29928865009DCF3E /* Settings */ = {
			isa = PBXGroup;
			children = (
				1BAD90BE2992887A009DCF3E /* SettingsView.swift */,
				1BAD90C029928893009DCF3E /* SettingsController.swift */,
			);
			path = Settings;
			sourceTree = "<group>";
		};
		1BAD90D629938B18009DCF3E /* Extensions */ = {
			isa = PBXGroup;
			children = (
				1BAD90D729938B2F009DCF3E /* UIViewControllerExtension.swift */,
			);
			path = Extensions;
			sourceTree = "<group>";
		};
/* End PBXGroup section */

/* Begin PBXNativeTarget section */
		1BAD907F29902D11009DCF3E /* Notes */ = {
			isa = PBXNativeTarget;
			buildConfigurationList = 1BAD909429902D15009DCF3E /* Build configuration list for PBXNativeTarget "Notes" */;
			buildPhases = (
				1BAD907C29902D11009DCF3E /* Sources */,
				1BAD907D29902D11009DCF3E /* Frameworks */,
				1BAD907E29902D11009DCF3E /* Resources */,
			);
			buildRules = (
			);
			dependencies = (
			);
			name = Notes;
			packageProductDependencies = (
			);
			productName = Notes;
			productReference = 1BAD908029902D11009DCF3E /* Notes.app */;
			productType = "com.apple.product-type.application";
		};
/* End PBXNativeTarget section */

/* Begin PBXProject section */
		1BAD907829902D11009DCF3E /* Project object */ = {
			isa = PBXProject;
			attributes = {
				BuildIndependentTargetsInParallel = 1;
				LastSwiftUpdateCheck = 1420;
				LastUpgradeCheck = 1420;
				TargetAttributes = {
					1BAD907F29902D11009DCF3E = {
						CreatedOnToolsVersion = 14.2;
					};
				};
			};
			buildConfigurationList = 1BAD907B29902D11009DCF3E /* Build configuration list for PBXProject "Notes" */;
			compatibilityVersion = "Xcode 14.0";
			developmentRegion = en;
			hasScannedForEncodings = 0;
			knownRegions = (
				en,
				Base,
			);
			mainGroup = 1BAD907729902D11009DCF3E;
			packageReferences = (
			);
			productRefGroup = 1BAD908129902D11009DCF3E /* Products */;
			projectDirPath = "";
			projectRoot = "";
			targets = (
				1BAD907F29902D11009DCF3E /* Notes */,
			);
		};
/* End PBXProject section */

/* Begin PBXResourcesBuildPhase section */
		1BAD907E29902D11009DCF3E /* Resources */ = {
			isa = PBXResourcesBuildPhase;
			buildActionMask = 2147483647;
			files = (
				1BAD909029902D15009DCF3E /* LaunchScreen.storyboard in Resources */,
			);
			runOnlyForDeploymentPostprocessing = 0;
		};
/* End PBXResourcesBuildPhase section */

/* Begin PBXSourcesBuildPhase section */
		1BAD907C29902D11009DCF3E /* Sources */ = {
			isa = PBXSourcesBuildPhase;
			buildActionMask = 2147483647;
			files = (
				1BAD90AD29903D96009DCF3E /* DataManager.swift in Sources */,
				1BAD90A429903658009DCF3E /* FolderCell.swift in Sources */,
				1BAD90B429912C0A009DCF3E /* Vibration.swift in Sources */,
				1BAD908429902D11009DCF3E /* AppDelegate.swift in Sources */,
				1BAD90D829938B2F009DCF3E /* UIViewControllerExtension.swift in Sources */,
				1BAD90BC29925B04009DCF3E /* TypeButton.swift in Sources */,
				1BAD90A7299037AE009DCF3E /* Section.swift in Sources */,
				1BAD90D929939260009DCF3E /* Data.xcdatamodeld in Sources */,
				1BAD90C129928893009DCF3E /* SettingsController.swift in Sources */,
				1BAD908629902D11009DCF3E /* SceneDelegate.swift in Sources */,
				1BAD90BF2992887A009DCF3E /* SettingsView.swift in Sources */,
				1BAD90B129911F46009DCF3E /* FoldersView.swift in Sources */,
				1BAD90DE2993B40C009DCF3E /* Settings.swift in Sources */,
				1BAD90BA299253EF009DCF3E /* Button.swift in Sources */,
				1BAD90AF29903E26009DCF3E /* CoreDataManager.swift in Sources */,
				1BAD90B7299157DE009DCF3E /* DataSource.swift in Sources */,
				1BAD909B29902E4F009DCF3E /* FoldersController.swift in Sources */,
			);
			runOnlyForDeploymentPostprocessing = 0;
		};
/* End PBXSourcesBuildPhase section */

/* Begin PBXVariantGroup section */
		1BAD908E29902D15009DCF3E /* LaunchScreen.storyboard */ = {
			isa = PBXVariantGroup;
			children = (
				1BAD908F29902D15009DCF3E /* Base */,
			);
			name = LaunchScreen.storyboard;
			sourceTree = "<group>";
		};
/* End PBXVariantGroup section */

/* Begin XCBuildConfiguration section */
		1BAD909229902D15009DCF3E /* Debug */ = {
			isa = XCBuildConfiguration;
			buildSettings = {
				ALWAYS_SEARCH_USER_PATHS = NO;
				CLANG_ANALYZER_NONNULL = YES;
				CLANG_ANALYZER_NUMBER_OBJECT_CONVERSION = YES_AGGRESSIVE;
				CLANG_CXX_LANGUAGE_STANDARD = "gnu++20";
				CLANG_ENABLE_MODULES = YES;
				CLANG_ENABLE_OBJC_ARC = YES;
				CLANG_ENABLE_OBJC_WEAK = YES;
				CLANG_WARN_BLOCK_CAPTURE_AUTORELEASING = YES;
				CLANG_WARN_BOOL_CONVERSION = YES;
				CLANG_WARN_COMMA = YES;
				CLANG_WARN_CONSTANT_CONVERSION = YES;
				CLANG_WARN_DEPRECATED_OBJC_IMPLEMENTATIONS = YES;
				CLANG_WARN_DIRECT_OBJC_ISA_USAGE = YES_ERROR;
				CLANG_WARN_DOCUMENTATION_COMMENTS = YES;
				CLANG_WARN_EMPTY_BODY = YES;
				CLANG_WARN_ENUM_CONVERSION = YES;
				CLANG_WARN_INFINITE_RECURSION = YES;
				CLANG_WARN_INT_CONVERSION = YES;
				CLANG_WARN_NON_LITERAL_NULL_CONVERSION = YES;
				CLANG_WARN_OBJC_IMPLICIT_RETAIN_SELF = YES;
				CLANG_WARN_OBJC_LITERAL_CONVERSION = YES;
				CLANG_WARN_OBJC_ROOT_CLASS = YES_ERROR;
				CLANG_WARN_QUOTED_INCLUDE_IN_FRAMEWORK_HEADER = YES;
				CLANG_WARN_RANGE_LOOP_ANALYSIS = YES;
				CLANG_WARN_STRICT_PROTOTYPES = YES;
				CLANG_WARN_SUSPICIOUS_MOVE = YES;
				CLANG_WARN_UNGUARDED_AVAILABILITY = YES_AGGRESSIVE;
				CLANG_WARN_UNREACHABLE_CODE = YES;
				CLANG_WARN__DUPLICATE_METHOD_MATCH = YES;
				COPY_PHASE_STRIP = NO;
				DEBUG_INFORMATION_FORMAT = dwarf;
				ENABLE_STRICT_OBJC_MSGSEND = YES;
				ENABLE_TESTABILITY = YES;
				GCC_C_LANGUAGE_STANDARD = gnu11;
				GCC_DYNAMIC_NO_PIC = NO;
				GCC_NO_COMMON_BLOCKS = YES;
				GCC_OPTIMIZATION_LEVEL = 0;
				GCC_PREPROCESSOR_DEFINITIONS = (
					"DEBUG=1",
					"$(inherited)",
				);
				GCC_WARN_64_TO_32_BIT_CONVERSION = YES;
				GCC_WARN_ABOUT_RETURN_TYPE = YES_ERROR;
				GCC_WARN_UNDECLARED_SELECTOR = YES;
				GCC_WARN_UNINITIALIZED_AUTOS = YES_AGGRESSIVE;
				GCC_WARN_UNUSED_FUNCTION = YES;
				GCC_WARN_UNUSED_VARIABLE = YES;
				IPHONEOS_DEPLOYMENT_TARGET = 16.2;
				MTL_ENABLE_DEBUG_INFO = INCLUDE_SOURCE;
				MTL_FAST_MATH = YES;
				ONLY_ACTIVE_ARCH = YES;
				SDKROOT = iphoneos;
				SWIFT_ACTIVE_COMPILATION_CONDITIONS = DEBUG;
				SWIFT_OPTIMIZATION_LEVEL = "-Onone";
			};
			name = Debug;
		};
		1BAD909329902D15009DCF3E /* Release */ = {
			isa = XCBuildConfiguration;
			buildSettings = {
				ALWAYS_SEARCH_USER_PATHS = NO;
				CLANG_ANALYZER_NONNULL = YES;
				CLANG_ANALYZER_NUMBER_OBJECT_CONVERSION = YES_AGGRESSIVE;
				CLANG_CXX_LANGUAGE_STANDARD = "gnu++20";
				CLANG_ENABLE_MODULES = YES;
				CLANG_ENABLE_OBJC_ARC = YES;
				CLANG_ENABLE_OBJC_WEAK = YES;
				CLANG_WARN_BLOCK_CAPTURE_AUTORELEASING = YES;
				CLANG_WARN_BOOL_CONVERSION = YES;
				CLANG_WARN_COMMA = YES;
				CLANG_WARN_CONSTANT_CONVERSION = YES;
				CLANG_WARN_DEPRECATED_OBJC_IMPLEMENTATIONS = YES;
				CLANG_WARN_DIRECT_OBJC_ISA_USAGE = YES_ERROR;
				CLANG_WARN_DOCUMENTATION_COMMENTS = YES;
				CLANG_WARN_EMPTY_BODY = YES;
				CLANG_WARN_ENUM_CONVERSION = YES;
				CLANG_WARN_INFINITE_RECURSION = YES;
				CLANG_WARN_INT_CONVERSION = YES;
				CLANG_WARN_NON_LITERAL_NULL_CONVERSION = YES;
				CLANG_WARN_OBJC_IMPLICIT_RETAIN_SELF = YES;
				CLANG_WARN_OBJC_LITERAL_CONVERSION = YES;
				CLANG_WARN_OBJC_ROOT_CLASS = YES_ERROR;
				CLANG_WARN_QUOTED_INCLUDE_IN_FRAMEWORK_HEADER = YES;
				CLANG_WARN_RANGE_LOOP_ANALYSIS = YES;
				CLANG_WARN_STRICT_PROTOTYPES = YES;
				CLANG_WARN_SUSPICIOUS_MOVE = YES;
				CLANG_WARN_UNGUARDED_AVAILABILITY = YES_AGGRESSIVE;
				CLANG_WARN_UNREACHABLE_CODE = YES;
				CLANG_WARN__DUPLICATE_METHOD_MATCH = YES;
				COPY_PHASE_STRIP = NO;
				DEBUG_INFORMATION_FORMAT = "dwarf-with-dsym";
				ENABLE_NS_ASSERTIONS = NO;
				ENABLE_STRICT_OBJC_MSGSEND = YES;
				GCC_C_LANGUAGE_STANDARD = gnu11;
				GCC_NO_COMMON_BLOCKS = YES;
				GCC_WARN_64_TO_32_BIT_CONVERSION = YES;
				GCC_WARN_ABOUT_RETURN_TYPE = YES_ERROR;
				GCC_WARN_UNDECLARED_SELECTOR = YES;
				GCC_WARN_UNINITIALIZED_AUTOS = YES_AGGRESSIVE;
				GCC_WARN_UNUSED_FUNCTION = YES;
				GCC_WARN_UNUSED_VARIABLE = YES;
				IPHONEOS_DEPLOYMENT_TARGET = 16.2;
				MTL_ENABLE_DEBUG_INFO = NO;
				MTL_FAST_MATH = YES;
				SDKROOT = iphoneos;
				SWIFT_COMPILATION_MODE = wholemodule;
				SWIFT_OPTIMIZATION_LEVEL = "-O";
				VALIDATE_PRODUCT = YES;
			};
			name = Release;
		};
		1BAD909529902D15009DCF3E /* Debug */ = {
			isa = XCBuildConfiguration;
			buildSettings = {
				ASSETCATALOG_COMPILER_APPICON_NAME = AppIcon;
				ASSETCATALOG_COMPILER_GLOBAL_ACCENT_COLOR_NAME = AccentColor;
				CODE_SIGN_STYLE = Automatic;
				CURRENT_PROJECT_VERSION = 1;
				DEVELOPMENT_TEAM = YX6DWV484Z;
				GENERATE_INFOPLIST_FILE = YES;
				INFOPLIST_FILE = Notes/Info.plist;
				INFOPLIST_KEY_UIApplicationSupportsIndirectInputEvents = YES;
				INFOPLIST_KEY_UILaunchStoryboardName = LaunchScreen;
				INFOPLIST_KEY_UISupportedInterfaceOrientations_iPad = "UIInterfaceOrientationPortrait UIInterfaceOrientationPortraitUpsideDown UIInterfaceOrientationLandscapeLeft UIInterfaceOrientationLandscapeRight";
				INFOPLIST_KEY_UISupportedInterfaceOrientations_iPhone = "UIInterfaceOrientationPortrait UIInterfaceOrientationLandscapeLeft UIInterfaceOrientationLandscapeRight";
				LD_RUNPATH_SEARCH_PATHS = (
					"$(inherited)",
					"@executable_path/Frameworks",
				);
				MARKETING_VERSION = 1.0;
				PRODUCT_BUNDLE_IDENTIFIER = EvgenyTarakin.Notes;
				PRODUCT_NAME = "$(TARGET_NAME)";
				SWIFT_EMIT_LOC_STRINGS = YES;
				SWIFT_VERSION = 5.0;
				TARGETED_DEVICE_FAMILY = "1,2";
			};
			name = Debug;
		};
		1BAD909629902D15009DCF3E /* Release */ = {
			isa = XCBuildConfiguration;
			buildSettings = {
				ASSETCATALOG_COMPILER_APPICON_NAME = AppIcon;
				ASSETCATALOG_COMPILER_GLOBAL_ACCENT_COLOR_NAME = AccentColor;
				CODE_SIGN_STYLE = Automatic;
				CURRENT_PROJECT_VERSION = 1;
				DEVELOPMENT_TEAM = YX6DWV484Z;
				GENERATE_INFOPLIST_FILE = YES;
				INFOPLIST_FILE = Notes/Info.plist;
				INFOPLIST_KEY_UIApplicationSupportsIndirectInputEvents = YES;
				INFOPLIST_KEY_UILaunchStoryboardName = LaunchScreen;
				INFOPLIST_KEY_UISupportedInterfaceOrientations_iPad = "UIInterfaceOrientationPortrait UIInterfaceOrientationPortraitUpsideDown UIInterfaceOrientationLandscapeLeft UIInterfaceOrientationLandscapeRight";
				INFOPLIST_KEY_UISupportedInterfaceOrientations_iPhone = "UIInterfaceOrientationPortrait UIInterfaceOrientationLandscapeLeft UIInterfaceOrientationLandscapeRight";
				LD_RUNPATH_SEARCH_PATHS = (
					"$(inherited)",
					"@executable_path/Frameworks",
				);
				MARKETING_VERSION = 1.0;
				PRODUCT_BUNDLE_IDENTIFIER = EvgenyTarakin.Notes;
				PRODUCT_NAME = "$(TARGET_NAME)";
				SWIFT_EMIT_LOC_STRINGS = YES;
				SWIFT_VERSION = 5.0;
				TARGETED_DEVICE_FAMILY = "1,2";
			};
			name = Release;
		};
/* End XCBuildConfiguration section */

/* Begin XCConfigurationList section */
		1BAD907B29902D11009DCF3E /* Build configuration list for PBXProject "Notes" */ = {
			isa = XCConfigurationList;
			buildConfigurations = (
				1BAD909229902D15009DCF3E /* Debug */,
				1BAD909329902D15009DCF3E /* Release */,
			);
			defaultConfigurationIsVisible = 0;
			defaultConfigurationName = Release;
		};
		1BAD909429902D15009DCF3E /* Build configuration list for PBXNativeTarget "Notes" */ = {
			isa = XCConfigurationList;
			buildConfigurations = (
				1BAD909529902D15009DCF3E /* Debug */,
				1BAD909629902D15009DCF3E /* Release */,
			);
			defaultConfigurationIsVisible = 0;
			defaultConfigurationName = Release;
		};
/* End XCConfigurationList section */

/* Begin XCVersionGroup section */
		1BAD90A929903809009DCF3E /* Data.xcdatamodeld */ = {
			isa = XCVersionGroup;
			children = (
				1BAD90AA29903809009DCF3E /* Data.xcdatamodel */,
			);
			currentVersion = 1BAD90AA29903809009DCF3E /* Data.xcdatamodel */;
			path = Data.xcdatamodeld;
			sourceTree = "<group>";
			versionGroupType = wrapper.xcdatamodel;
		};
/* End XCVersionGroup section */
	};
	rootObject = 1BAD907829902D11009DCF3E /* Project object */;
}
